
Microsoft Visual Studio Solution File, Format Version 12.00
# Visual Studio Version 17
VisualStudioVersion = 17.4.33213.308
MinimumVisualStudioVersion = 10.0.40219.1
Project("{2150E333-8FDC-42A3-9474-1A3956D46DE8}") = "Engine", "Engine", "{E03A026F-9A02-426F-A509-AC7739FBA0BB}"
EndProject
Project("{2150E333-8FDC-42A3-9474-1A3956D46DE8}") = "Framework", "Framework", "{D1A585D4-C5A9-450F-9FF7-23C490A1F2ED}"
EndProject
Project("{8BC9CEB8-8B4A-11D0-8D11-00A0C91BC942}") = "CultyEngine", "Engine\CultyEngine\CultyEngine.vcxproj", "{02BFEA78-10FA-4EC2-A0F1-EA72F3EE0ED2}"
EndProject
Project("{8BC9CEB8-8B4A-11D0-8D11-00A0C91BC942}") = "Core", "Framework\Core\Core.vcxproj", "{C653AAB0-57DF-4E8B-A6BF-5D34EE4F0B86}"
EndProject
Project("{2150E333-8FDC-42A3-9474-1A3956D46DE8}") = "VSProps", "VSProps", "{188D6DB9-6897-4ABE-B6D0-1E825B15BDF8}"
	ProjectSection(SolutionItems) = preProject
		VSProps\CultyEngine.props = VSProps\CultyEngine.props
		VSProps\EngineLib.props = VSProps\EngineLib.props
		VSProps\FrameworkLib.props = VSProps\FrameworkLib.props
	EndProjectSection
EndProject
Project("{2150E333-8FDC-42A3-9474-1A3956D46DE8}") = "Common", "Common", "{F3B005C0-0D5C-4AC7-80F1-5631830A8FC2}"
	ProjectSection(SolutionItems) = preProject
		VSProps\Common\Common.props = VSProps\Common\Common.props
		VSProps\Common\Library.props = VSProps\Common\Library.props
	EndProjectSection
EndProject
Project("{2150E333-8FDC-42A3-9474-1A3956D46DE8}") = "VGP242", "VGP242", "{3E09D8F4-7E42-484B-958A-B151B0520CA1}"
EndProject
Project("{8BC9CEB8-8B4A-11D0-8D11-00A0C91BC942}") = "01_HelloWindow", "VGP242\01_HelloWindow\01_HelloWindow.vcxproj", "{CD29BC72-B683-480E-BA3C-CDA18612D185}"
EndProject
Project("{8BC9CEB8-8B4A-11D0-8D11-00A0C91BC942}") = "Math", "Framework\Math\Math.vcxproj", "{4F2373C9-7E2D-4FC2-8479-ADCB7F797B77}"
EndProject
Project("{8BC9CEB8-8B4A-11D0-8D11-00A0C91BC942}") = "Graphics", "Framework\Graphics\Graphics.vcxproj", "{47E30421-6F12-447A-A6E9-BA27CB2E727C}"
EndProject
Project("{2150E333-8FDC-42A3-9474-1A3956D46DE8}") = "External", "External", "{26A004DD-B802-4109-9F0B-D669000875BF}"
EndProject
Project("{8BC9CEB8-8B4A-11D0-8D11-00A0C91BC942}") = "DirectXTK_Desktop_2019", "External\DirectXTK\DirectXTK_Desktop_2019.vcxproj", "{E0B52AE7-E160-4D32-BF3F-910B785E5A8E}"
EndProject
Project("{8BC9CEB8-8B4A-11D0-8D11-00A0C91BC942}") = "02_HelloShape", "VGP242\02_HelloShape\02_HelloShape.vcxproj", "{1C5C58D1-B9D2-4A3B-AE47-4976B419ED9E}"
EndProject
Project("{8BC9CEB8-8B4A-11D0-8D11-00A0C91BC942}") = "Input", "Framework\Input\Input.vcxproj", "{3629F01A-6FED-42EB-B308-E9F7F1346EAF}"
EndProject
Project("{2150E333-8FDC-42A3-9474-1A3956D46DE8}") = "Assets", "Assets", "{A76A9AC1-EE6E-402E-8558-7B2898B3F630}"
EndProject
Project("{2150E333-8FDC-42A3-9474-1A3956D46DE8}") = "Shaders", "Shaders", "{BF391355-1D68-4A0E-ADD2-B0AE1248D524}"
	ProjectSection(SolutionItems) = preProject
		Assets\Shaders\CelEffect.fx = Assets\Shaders\CelEffect.fx
		Assets\Shaders\CRT.fx = Assets\Shaders\CRT.fx
		Assets\Shaders\DoSomething.fx = Assets\Shaders\DoSomething.fx
		Assets\Shaders\DoTexturing.fx = Assets\Shaders\DoTexturing.fx
		Assets\Shaders\DoTransform.fx = Assets\Shaders\DoTransform.fx
		Assets\Shaders\GaussianBlur.fx = Assets\Shaders\GaussianBlur.fx
		Assets\Shaders\PostProcessing.fx = Assets\Shaders\PostProcessing.fx
		Assets\Shaders\Shadow.fx = Assets\Shaders\Shadow.fx
		Assets\Shaders\Standard.fx = Assets\Shaders\Standard.fx
		Assets\Shaders\Terrain.fx = Assets\Shaders\Terrain.fx
	EndProjectSection
EndProject
Project("{8BC9CEB8-8B4A-11D0-8D11-00A0C91BC942}") = "03_HelloCube", "VGP242\03_HelloCube\03_HelloCube.vcxproj", "{C7ADB426-AE79-4F6A-B3F9-BB89AC07104D}"
EndProject
Project("{8BC9CEB8-8B4A-11D0-8D11-00A0C91BC942}") = "04_HelloMeshBuilder", "VGP242\04_HelloMeshBuilder\04_HelloMeshBuilder.vcxproj", "{2059A525-2865-4D7B-8EDF-18CD390248D6}"
EndProject
Project("{8BC9CEB8-8B4A-11D0-8D11-00A0C91BC942}") = "05_HelloSimpleDraw", "VGP242\05_HelloSimpleDraw\05_HelloSimpleDraw.vcxproj", "{7ECE50A5-EA9E-4B79-B69B-CC9CDDE2F366}"
EndProject
Project("{8BC9CEB8-8B4A-11D0-8D11-00A0C91BC942}") = "ImGui", "External\ImGui\ImGui.vcxproj", "{52D656A2-A2F4-4C54-A3C7-653427BED1E8}"
EndProject
Project("{8BC9CEB8-8B4A-11D0-8D11-00A0C91BC942}") = "06_HelloImGui", "VGP242\06_HelloImGui\06_HelloImGui.vcxproj", "{90F98D18-1999-42D9-9D47-6C9BA16016B5}"
EndProject
Project("{8BC9CEB8-8B4A-11D0-8D11-00A0C91BC942}") = "07_HelloSolarSystem", "VGP242\07_HelloSolarSystem\07_HelloSolarSystem.vcxproj", "{6C644E70-ECFA-4772-9B44-57A78284043D}"
EndProject
Project("{2150E333-8FDC-42A3-9474-1A3956D46DE8}") = "VGP330", "VGP330", "{8C559641-91D4-46BA-9F8E-9C2DE8A6B3EA}"
EndProject
Project("{8BC9CEB8-8B4A-11D0-8D11-00A0C91BC942}") = "08_HelloLighting", "VGP330\08_HelloLighting\08_HelloLighting.vcxproj", "{932946BD-586E-445E-93CC-0C57E932A6D9}"
EndProject
Project("{8BC9CEB8-8B4A-11D0-8D11-00A0C91BC942}") = "09_HelloCel", "VGP330\09_HelloCel\09_HelloCel.vcxproj", "{9BC0CD93-A408-47EF-AD1A-0DE9E43268A7}"
EndProject
Project("{2150E333-8FDC-42A3-9474-1A3956D46DE8}") = "Tools", "Tools", "{8C720D49-0368-49BF-B1E5-1ADF82456887}"
EndProject
Project("{8BC9CEB8-8B4A-11D0-8D11-00A0C91BC942}") = "ModelImporter", "Tools\ModelImporter\ModelImporter.vcxproj", "{B3E29475-6A92-43DF-BACF-7A8D66AFCD9C}"
EndProject
Project("{8BC9CEB8-8B4A-11D0-8D11-00A0C91BC942}") = "10_HelloModel", "VGP330\10_HelloModel\10_HelloModel.vcxproj", "{C9044770-29F8-4176-B1A6-5689DE2F89B5}"
EndProject
Project("{8BC9CEB8-8B4A-11D0-8D11-00A0C91BC942}") = "11_HelloPostProcessing", "VGP330\11_HelloPostProcessing\11_HelloPostProcessing.vcxproj", "{67CF910A-F6D9-433B-8465-3C92F7E248A6}"
EndProject
Project("{8BC9CEB8-8B4A-11D0-8D11-00A0C91BC942}") = "12_HelloGaussianBlur", "VGP330\12_HelloGaussianBlur\12_HelloGaussianBlur.vcxproj", "{CF4BD4AA-C6A0-4FDB-A924-797721339F0D}"
EndProject
Project("{8BC9CEB8-8B4A-11D0-8D11-00A0C91BC942}") = "13_HelloShadow", "VGP330\13_HelloShadow\13_HelloShadow.vcxproj", "{13CBBB6A-A408-4A7F-B972-B6C68C6AF6C3}"
EndProject
Project("{8BC9CEB8-8B4A-11D0-8D11-00A0C91BC942}") = "14_HelloTerrain", "VGP330\14_HelloTerrain\14_HelloTerrain.vcxproj", "{15EDC116-D1B3-4AE3-AE1F-226174E7D797}"
EndProject
Project("{8BC9CEB8-8B4A-11D0-8D11-00A0C91BC942}") = "15_HelloCRT", "VGP330\15_HelloCRT\15_HelloCRT.vcxproj", "{232DB063-CB72-4F72-95F8-EA0230990F42}"
EndProject
Project("{2150E333-8FDC-42A3-9474-1A3956D46DE8}") = "VGP334", "VGP334", "{DCE825F9-B72B-4B68-B016-7CFFB77CC5C8}"
EndProject
Project("{8BC9CEB8-8B4A-11D0-8D11-00A0C91BC942}") = "16_HelloQuaternion", "VGP334\16_HelloQuaternion\16_HelloQuaternion.vcxproj", "{8DB9C1E1-05B8-4EFD-B971-D40C66E53877}"
EndProject
Project("{8BC9CEB8-8B4A-11D0-8D11-00A0C91BC942}") = "17_HelloAnimation", "VGP334\17_HelloAnimation\17_HelloAnimation.vcxproj", "{7D895F62-E4B4-4AE6-A4D6-EACE97F66734}"
EndProject
Project("{8BC9CEB8-8B4A-11D0-8D11-00A0C91BC942}") = "18_HelloSkeleton", "VGP334\18_HelloSkeleton\18_HelloSkeleton.vcxproj", "{FB06D3C2-0ACA-4A22-8E05-B70BF133D503}"
EndProject
Project("{8BC9CEB8-8B4A-11D0-8D11-00A0C91BC942}") = "19_HelloSkeletonAnimation", "VGP334\19_HelloSkeletonAnimation\19_HelloSkeletonAnimation.vcxproj", "{103F3108-3443-4367-95BB-7B11B49497AC}"
EndProject
Project("{8BC9CEB8-8B4A-11D0-8D11-00A0C91BC942}") = "Bullet", "External\Bullet\Bullet.vcxproj", "{516192EB-788A-4FE7-B2B7-2EF9AC036B12}"
EndProject
Project("{8BC9CEB8-8B4A-11D0-8D11-00A0C91BC942}") = "Physics", "Framework\Physics\Physics.vcxproj", "{899ACD7F-2C52-4B57-A62D-F506C597A094}"
EndProject
Project("{8BC9CEB8-8B4A-11D0-8D11-00A0C91BC942}") = "20_HelloPhysics", "VGP334\20_HelloPhysics\20_HelloPhysics.vcxproj", "{1A695FC3-A687-4730-BEE2-73EB5637D44F}"
EndProject
Project("{8BC9CEB8-8B4A-11D0-8D11-00A0C91BC942}") = "DirectXTKAudio_Desktop_2022_Win8", "External\DirectXTK\Audio\DirectXTKAudio_Desktop_2022_Win8.vcxproj", "{4F150A30-CECB-49D1-8283-6A3F57438CF5}"
EndProject
Project("{8BC9CEB8-8B4A-11D0-8D11-00A0C91BC942}") = "Audio", "Framework\Audio\Audio.vcxproj", "{CE42F6A5-F9A1-449E-A65E-0BFD2A509160}"
EndProject
Global
	GlobalSection(SolutionConfigurationPlatforms) = preSolution
		Debug|x64 = Debug|x64
		Debug|x86 = Debug|x86
		Release|x64 = Release|x64
		Release|x86 = Release|x86
	EndGlobalSection
	GlobalSection(ProjectConfigurationPlatforms) = postSolution
		{02BFEA78-10FA-4EC2-A0F1-EA72F3EE0ED2}.Debug|x64.ActiveCfg = Debug|x64
		{02BFEA78-10FA-4EC2-A0F1-EA72F3EE0ED2}.Debug|x64.Build.0 = Debug|x64
		{02BFEA78-10FA-4EC2-A0F1-EA72F3EE0ED2}.Debug|x86.ActiveCfg = Debug|Win32
		{02BFEA78-10FA-4EC2-A0F1-EA72F3EE0ED2}.Debug|x86.Build.0 = Debug|Win32
		{02BFEA78-10FA-4EC2-A0F1-EA72F3EE0ED2}.Release|x64.ActiveCfg = Release|x64
		{02BFEA78-10FA-4EC2-A0F1-EA72F3EE0ED2}.Release|x64.Build.0 = Release|x64
		{02BFEA78-10FA-4EC2-A0F1-EA72F3EE0ED2}.Release|x86.ActiveCfg = Release|Win32
		{02BFEA78-10FA-4EC2-A0F1-EA72F3EE0ED2}.Release|x86.Build.0 = Release|Win32
		{C653AAB0-57DF-4E8B-A6BF-5D34EE4F0B86}.Debug|x64.ActiveCfg = Debug|x64
		{C653AAB0-57DF-4E8B-A6BF-5D34EE4F0B86}.Debug|x64.Build.0 = Debug|x64
		{C653AAB0-57DF-4E8B-A6BF-5D34EE4F0B86}.Debug|x86.ActiveCfg = Debug|Win32
		{C653AAB0-57DF-4E8B-A6BF-5D34EE4F0B86}.Debug|x86.Build.0 = Debug|Win32
		{C653AAB0-57DF-4E8B-A6BF-5D34EE4F0B86}.Release|x64.ActiveCfg = Release|x64
		{C653AAB0-57DF-4E8B-A6BF-5D34EE4F0B86}.Release|x64.Build.0 = Release|x64
		{C653AAB0-57DF-4E8B-A6BF-5D34EE4F0B86}.Release|x86.ActiveCfg = Release|Win32
		{C653AAB0-57DF-4E8B-A6BF-5D34EE4F0B86}.Release|x86.Build.0 = Release|Win32
		{CD29BC72-B683-480E-BA3C-CDA18612D185}.Debug|x64.ActiveCfg = Debug|x64
		{CD29BC72-B683-480E-BA3C-CDA18612D185}.Debug|x64.Build.0 = Debug|x64
		{CD29BC72-B683-480E-BA3C-CDA18612D185}.Debug|x86.ActiveCfg = Debug|Win32
		{CD29BC72-B683-480E-BA3C-CDA18612D185}.Debug|x86.Build.0 = Debug|Win32
		{CD29BC72-B683-480E-BA3C-CDA18612D185}.Release|x64.ActiveCfg = Release|x64
		{CD29BC72-B683-480E-BA3C-CDA18612D185}.Release|x64.Build.0 = Release|x64
		{CD29BC72-B683-480E-BA3C-CDA18612D185}.Release|x86.ActiveCfg = Release|Win32
		{CD29BC72-B683-480E-BA3C-CDA18612D185}.Release|x86.Build.0 = Release|Win32
		{4F2373C9-7E2D-4FC2-8479-ADCB7F797B77}.Debug|x64.ActiveCfg = Debug|x64
		{4F2373C9-7E2D-4FC2-8479-ADCB7F797B77}.Debug|x64.Build.0 = Debug|x64
		{4F2373C9-7E2D-4FC2-8479-ADCB7F797B77}.Debug|x86.ActiveCfg = Debug|Win32
		{4F2373C9-7E2D-4FC2-8479-ADCB7F797B77}.Debug|x86.Build.0 = Debug|Win32
		{4F2373C9-7E2D-4FC2-8479-ADCB7F797B77}.Release|x64.ActiveCfg = Release|x64
		{4F2373C9-7E2D-4FC2-8479-ADCB7F797B77}.Release|x64.Build.0 = Release|x64
		{4F2373C9-7E2D-4FC2-8479-ADCB7F797B77}.Release|x86.ActiveCfg = Release|Win32
		{4F2373C9-7E2D-4FC2-8479-ADCB7F797B77}.Release|x86.Build.0 = Release|Win32
		{47E30421-6F12-447A-A6E9-BA27CB2E727C}.Debug|x64.ActiveCfg = Debug|x64
		{47E30421-6F12-447A-A6E9-BA27CB2E727C}.Debug|x64.Build.0 = Debug|x64
		{47E30421-6F12-447A-A6E9-BA27CB2E727C}.Debug|x86.ActiveCfg = Debug|Win32
		{47E30421-6F12-447A-A6E9-BA27CB2E727C}.Debug|x86.Build.0 = Debug|Win32
		{47E30421-6F12-447A-A6E9-BA27CB2E727C}.Release|x64.ActiveCfg = Release|x64
		{47E30421-6F12-447A-A6E9-BA27CB2E727C}.Release|x64.Build.0 = Release|x64
		{47E30421-6F12-447A-A6E9-BA27CB2E727C}.Release|x86.ActiveCfg = Release|Win32
		{47E30421-6F12-447A-A6E9-BA27CB2E727C}.Release|x86.Build.0 = Release|Win32
		{E0B52AE7-E160-4D32-BF3F-910B785E5A8E}.Debug|x64.ActiveCfg = Debug|x64
		{E0B52AE7-E160-4D32-BF3F-910B785E5A8E}.Debug|x64.Build.0 = Debug|x64
		{E0B52AE7-E160-4D32-BF3F-910B785E5A8E}.Debug|x86.ActiveCfg = Debug|Win32
		{E0B52AE7-E160-4D32-BF3F-910B785E5A8E}.Debug|x86.Build.0 = Debug|Win32
		{E0B52AE7-E160-4D32-BF3F-910B785E5A8E}.Release|x64.ActiveCfg = Release|x64
		{E0B52AE7-E160-4D32-BF3F-910B785E5A8E}.Release|x64.Build.0 = Release|x64
		{E0B52AE7-E160-4D32-BF3F-910B785E5A8E}.Release|x86.ActiveCfg = Release|Win32
		{E0B52AE7-E160-4D32-BF3F-910B785E5A8E}.Release|x86.Build.0 = Release|Win32
		{1C5C58D1-B9D2-4A3B-AE47-4976B419ED9E}.Debug|x64.ActiveCfg = Debug|x64
		{1C5C58D1-B9D2-4A3B-AE47-4976B419ED9E}.Debug|x64.Build.0 = Debug|x64
		{1C5C58D1-B9D2-4A3B-AE47-4976B419ED9E}.Debug|x86.ActiveCfg = Debug|Win32
		{1C5C58D1-B9D2-4A3B-AE47-4976B419ED9E}.Debug|x86.Build.0 = Debug|Win32
		{1C5C58D1-B9D2-4A3B-AE47-4976B419ED9E}.Release|x64.ActiveCfg = Release|x64
		{1C5C58D1-B9D2-4A3B-AE47-4976B419ED9E}.Release|x64.Build.0 = Release|x64
		{1C5C58D1-B9D2-4A3B-AE47-4976B419ED9E}.Release|x86.ActiveCfg = Release|Win32
		{1C5C58D1-B9D2-4A3B-AE47-4976B419ED9E}.Release|x86.Build.0 = Release|Win32
		{3629F01A-6FED-42EB-B308-E9F7F1346EAF}.Debug|x64.ActiveCfg = Debug|x64
		{3629F01A-6FED-42EB-B308-E9F7F1346EAF}.Debug|x64.Build.0 = Debug|x64
		{3629F01A-6FED-42EB-B308-E9F7F1346EAF}.Debug|x86.ActiveCfg = Debug|Win32
		{3629F01A-6FED-42EB-B308-E9F7F1346EAF}.Debug|x86.Build.0 = Debug|Win32
		{3629F01A-6FED-42EB-B308-E9F7F1346EAF}.Release|x64.ActiveCfg = Release|x64
		{3629F01A-6FED-42EB-B308-E9F7F1346EAF}.Release|x64.Build.0 = Release|x64
		{3629F01A-6FED-42EB-B308-E9F7F1346EAF}.Release|x86.ActiveCfg = Release|Win32
		{3629F01A-6FED-42EB-B308-E9F7F1346EAF}.Release|x86.Build.0 = Release|Win32
		{C7ADB426-AE79-4F6A-B3F9-BB89AC07104D}.Debug|x64.ActiveCfg = Debug|x64
		{C7ADB426-AE79-4F6A-B3F9-BB89AC07104D}.Debug|x64.Build.0 = Debug|x64
		{C7ADB426-AE79-4F6A-B3F9-BB89AC07104D}.Debug|x86.ActiveCfg = Debug|Win32
		{C7ADB426-AE79-4F6A-B3F9-BB89AC07104D}.Debug|x86.Build.0 = Debug|Win32
		{C7ADB426-AE79-4F6A-B3F9-BB89AC07104D}.Release|x64.ActiveCfg = Release|x64
		{C7ADB426-AE79-4F6A-B3F9-BB89AC07104D}.Release|x64.Build.0 = Release|x64
		{C7ADB426-AE79-4F6A-B3F9-BB89AC07104D}.Release|x86.ActiveCfg = Release|Win32
		{C7ADB426-AE79-4F6A-B3F9-BB89AC07104D}.Release|x86.Build.0 = Release|Win32
		{2059A525-2865-4D7B-8EDF-18CD390248D6}.Debug|x64.ActiveCfg = Debug|x64
		{2059A525-2865-4D7B-8EDF-18CD390248D6}.Debug|x64.Build.0 = Debug|x64
		{2059A525-2865-4D7B-8EDF-18CD390248D6}.Debug|x86.ActiveCfg = Debug|Win32
		{2059A525-2865-4D7B-8EDF-18CD390248D6}.Debug|x86.Build.0 = Debug|Win32
		{2059A525-2865-4D7B-8EDF-18CD390248D6}.Release|x64.ActiveCfg = Release|x64
		{2059A525-2865-4D7B-8EDF-18CD390248D6}.Release|x64.Build.0 = Release|x64
		{2059A525-2865-4D7B-8EDF-18CD390248D6}.Release|x86.ActiveCfg = Release|Win32
		{2059A525-2865-4D7B-8EDF-18CD390248D6}.Release|x86.Build.0 = Release|Win32
		{7ECE50A5-EA9E-4B79-B69B-CC9CDDE2F366}.Debug|x64.ActiveCfg = Debug|x64
		{7ECE50A5-EA9E-4B79-B69B-CC9CDDE2F366}.Debug|x64.Build.0 = Debug|x64
		{7ECE50A5-EA9E-4B79-B69B-CC9CDDE2F366}.Debug|x86.ActiveCfg = Debug|Win32
		{7ECE50A5-EA9E-4B79-B69B-CC9CDDE2F366}.Debug|x86.Build.0 = Debug|Win32
		{7ECE50A5-EA9E-4B79-B69B-CC9CDDE2F366}.Release|x64.ActiveCfg = Release|x64
		{7ECE50A5-EA9E-4B79-B69B-CC9CDDE2F366}.Release|x64.Build.0 = Release|x64
		{7ECE50A5-EA9E-4B79-B69B-CC9CDDE2F366}.Release|x86.ActiveCfg = Release|Win32
		{7ECE50A5-EA9E-4B79-B69B-CC9CDDE2F366}.Release|x86.Build.0 = Release|Win32
		{52D656A2-A2F4-4C54-A3C7-653427BED1E8}.Debug|x64.ActiveCfg = Debug|x64
		{52D656A2-A2F4-4C54-A3C7-653427BED1E8}.Debug|x64.Build.0 = Debug|x64
		{52D656A2-A2F4-4C54-A3C7-653427BED1E8}.Debug|x86.ActiveCfg = Debug|Win32
		{52D656A2-A2F4-4C54-A3C7-653427BED1E8}.Debug|x86.Build.0 = Debug|Win32
		{52D656A2-A2F4-4C54-A3C7-653427BED1E8}.Release|x64.ActiveCfg = Release|x64
		{52D656A2-A2F4-4C54-A3C7-653427BED1E8}.Release|x64.Build.0 = Release|x64
		{52D656A2-A2F4-4C54-A3C7-653427BED1E8}.Release|x86.ActiveCfg = Release|Win32
		{52D656A2-A2F4-4C54-A3C7-653427BED1E8}.Release|x86.Build.0 = Release|Win32
		{90F98D18-1999-42D9-9D47-6C9BA16016B5}.Debug|x64.ActiveCfg = Debug|x64
		{90F98D18-1999-42D9-9D47-6C9BA16016B5}.Debug|x64.Build.0 = Debug|x64
		{90F98D18-1999-42D9-9D47-6C9BA16016B5}.Debug|x86.ActiveCfg = Debug|Win32
		{90F98D18-1999-42D9-9D47-6C9BA16016B5}.Debug|x86.Build.0 = Debug|Win32
		{90F98D18-1999-42D9-9D47-6C9BA16016B5}.Release|x64.ActiveCfg = Release|x64
		{90F98D18-1999-42D9-9D47-6C9BA16016B5}.Release|x64.Build.0 = Release|x64
		{90F98D18-1999-42D9-9D47-6C9BA16016B5}.Release|x86.ActiveCfg = Release|Win32
		{90F98D18-1999-42D9-9D47-6C9BA16016B5}.Release|x86.Build.0 = Release|Win32
		{6C644E70-ECFA-4772-9B44-57A78284043D}.Debug|x64.ActiveCfg = Debug|x64
		{6C644E70-ECFA-4772-9B44-57A78284043D}.Debug|x64.Build.0 = Debug|x64
		{6C644E70-ECFA-4772-9B44-57A78284043D}.Debug|x86.ActiveCfg = Debug|Win32
		{6C644E70-ECFA-4772-9B44-57A78284043D}.Debug|x86.Build.0 = Debug|Win32
		{6C644E70-ECFA-4772-9B44-57A78284043D}.Release|x64.ActiveCfg = Release|x64
		{6C644E70-ECFA-4772-9B44-57A78284043D}.Release|x64.Build.0 = Release|x64
		{6C644E70-ECFA-4772-9B44-57A78284043D}.Release|x86.ActiveCfg = Release|Win32
		{6C644E70-ECFA-4772-9B44-57A78284043D}.Release|x86.Build.0 = Release|Win32
		{932946BD-586E-445E-93CC-0C57E932A6D9}.Debug|x64.ActiveCfg = Debug|x64
		{932946BD-586E-445E-93CC-0C57E932A6D9}.Debug|x64.Build.0 = Debug|x64
		{932946BD-586E-445E-93CC-0C57E932A6D9}.Debug|x86.ActiveCfg = Debug|Win32
		{932946BD-586E-445E-93CC-0C57E932A6D9}.Debug|x86.Build.0 = Debug|Win32
		{932946BD-586E-445E-93CC-0C57E932A6D9}.Release|x64.ActiveCfg = Release|x64
		{932946BD-586E-445E-93CC-0C57E932A6D9}.Release|x64.Build.0 = Release|x64
		{932946BD-586E-445E-93CC-0C57E932A6D9}.Release|x86.ActiveCfg = Release|Win32
		{932946BD-586E-445E-93CC-0C57E932A6D9}.Release|x86.Build.0 = Release|Win32
		{9BC0CD93-A408-47EF-AD1A-0DE9E43268A7}.Debug|x64.ActiveCfg = Debug|x64
		{9BC0CD93-A408-47EF-AD1A-0DE9E43268A7}.Debug|x64.Build.0 = Debug|x64
		{9BC0CD93-A408-47EF-AD1A-0DE9E43268A7}.Debug|x86.ActiveCfg = Debug|Win32
		{9BC0CD93-A408-47EF-AD1A-0DE9E43268A7}.Debug|x86.Build.0 = Debug|Win32
		{9BC0CD93-A408-47EF-AD1A-0DE9E43268A7}.Release|x64.ActiveCfg = Release|x64
		{9BC0CD93-A408-47EF-AD1A-0DE9E43268A7}.Release|x64.Build.0 = Release|x64
		{9BC0CD93-A408-47EF-AD1A-0DE9E43268A7}.Release|x86.ActiveCfg = Release|Win32
		{9BC0CD93-A408-47EF-AD1A-0DE9E43268A7}.Release|x86.Build.0 = Release|Win32
		{B3E29475-6A92-43DF-BACF-7A8D66AFCD9C}.Debug|x64.ActiveCfg = Debug|x64
		{B3E29475-6A92-43DF-BACF-7A8D66AFCD9C}.Debug|x64.Build.0 = Debug|x64
		{B3E29475-6A92-43DF-BACF-7A8D66AFCD9C}.Debug|x86.ActiveCfg = Debug|Win32
		{B3E29475-6A92-43DF-BACF-7A8D66AFCD9C}.Debug|x86.Build.0 = Debug|Win32
		{B3E29475-6A92-43DF-BACF-7A8D66AFCD9C}.Release|x64.ActiveCfg = Release|x64
		{B3E29475-6A92-43DF-BACF-7A8D66AFCD9C}.Release|x64.Build.0 = Release|x64
		{B3E29475-6A92-43DF-BACF-7A8D66AFCD9C}.Release|x86.ActiveCfg = Release|Win32
		{B3E29475-6A92-43DF-BACF-7A8D66AFCD9C}.Release|x86.Build.0 = Release|Win32
		{C9044770-29F8-4176-B1A6-5689DE2F89B5}.Debug|x64.ActiveCfg = Debug|x64
		{C9044770-29F8-4176-B1A6-5689DE2F89B5}.Debug|x64.Build.0 = Debug|x64
		{C9044770-29F8-4176-B1A6-5689DE2F89B5}.Debug|x86.ActiveCfg = Debug|Win32
		{C9044770-29F8-4176-B1A6-5689DE2F89B5}.Debug|x86.Build.0 = Debug|Win32
		{C9044770-29F8-4176-B1A6-5689DE2F89B5}.Release|x64.ActiveCfg = Release|x64
		{C9044770-29F8-4176-B1A6-5689DE2F89B5}.Release|x64.Build.0 = Release|x64
		{C9044770-29F8-4176-B1A6-5689DE2F89B5}.Release|x86.ActiveCfg = Release|Win32
		{C9044770-29F8-4176-B1A6-5689DE2F89B5}.Release|x86.Build.0 = Release|Win32
		{67CF910A-F6D9-433B-8465-3C92F7E248A6}.Debug|x64.ActiveCfg = Debug|x64
		{67CF910A-F6D9-433B-8465-3C92F7E248A6}.Debug|x64.Build.0 = Debug|x64
		{67CF910A-F6D9-433B-8465-3C92F7E248A6}.Debug|x86.ActiveCfg = Debug|Win32
		{67CF910A-F6D9-433B-8465-3C92F7E248A6}.Debug|x86.Build.0 = Debug|Win32
		{67CF910A-F6D9-433B-8465-3C92F7E248A6}.Release|x64.ActiveCfg = Release|x64
		{67CF910A-F6D9-433B-8465-3C92F7E248A6}.Release|x64.Build.0 = Release|x64
		{67CF910A-F6D9-433B-8465-3C92F7E248A6}.Release|x86.ActiveCfg = Release|Win32
		{67CF910A-F6D9-433B-8465-3C92F7E248A6}.Release|x86.Build.0 = Release|Win32
		{CF4BD4AA-C6A0-4FDB-A924-797721339F0D}.Debug|x64.ActiveCfg = Debug|x64
		{CF4BD4AA-C6A0-4FDB-A924-797721339F0D}.Debug|x64.Build.0 = Debug|x64
		{CF4BD4AA-C6A0-4FDB-A924-797721339F0D}.Debug|x86.ActiveCfg = Debug|Win32
		{CF4BD4AA-C6A0-4FDB-A924-797721339F0D}.Debug|x86.Build.0 = Debug|Win32
		{CF4BD4AA-C6A0-4FDB-A924-797721339F0D}.Release|x64.ActiveCfg = Release|x64
		{CF4BD4AA-C6A0-4FDB-A924-797721339F0D}.Release|x64.Build.0 = Release|x64
		{CF4BD4AA-C6A0-4FDB-A924-797721339F0D}.Release|x86.ActiveCfg = Release|Win32
		{CF4BD4AA-C6A0-4FDB-A924-797721339F0D}.Release|x86.Build.0 = Release|Win32
		{13CBBB6A-A408-4A7F-B972-B6C68C6AF6C3}.Debug|x64.ActiveCfg = Debug|x64
		{13CBBB6A-A408-4A7F-B972-B6C68C6AF6C3}.Debug|x64.Build.0 = Debug|x64
		{13CBBB6A-A408-4A7F-B972-B6C68C6AF6C3}.Debug|x86.ActiveCfg = Debug|Win32
		{13CBBB6A-A408-4A7F-B972-B6C68C6AF6C3}.Debug|x86.Build.0 = Debug|Win32
		{13CBBB6A-A408-4A7F-B972-B6C68C6AF6C3}.Release|x64.ActiveCfg = Release|x64
		{13CBBB6A-A408-4A7F-B972-B6C68C6AF6C3}.Release|x64.Build.0 = Release|x64
		{13CBBB6A-A408-4A7F-B972-B6C68C6AF6C3}.Release|x86.ActiveCfg = Release|Win32
		{13CBBB6A-A408-4A7F-B972-B6C68C6AF6C3}.Release|x86.Build.0 = Release|Win32
		{15EDC116-D1B3-4AE3-AE1F-226174E7D797}.Debug|x64.ActiveCfg = Debug|x64
		{15EDC116-D1B3-4AE3-AE1F-226174E7D797}.Debug|x64.Build.0 = Debug|x64
		{15EDC116-D1B3-4AE3-AE1F-226174E7D797}.Debug|x86.ActiveCfg = Debug|Win32
		{15EDC116-D1B3-4AE3-AE1F-226174E7D797}.Debug|x86.Build.0 = Debug|Win32
		{15EDC116-D1B3-4AE3-AE1F-226174E7D797}.Release|x64.ActiveCfg = Release|x64
		{15EDC116-D1B3-4AE3-AE1F-226174E7D797}.Release|x64.Build.0 = Release|x64
		{15EDC116-D1B3-4AE3-AE1F-226174E7D797}.Release|x86.ActiveCfg = Release|Win32
		{15EDC116-D1B3-4AE3-AE1F-226174E7D797}.Release|x86.Build.0 = Release|Win32
		{232DB063-CB72-4F72-95F8-EA0230990F42}.Debug|x64.ActiveCfg = Debug|x64
		{232DB063-CB72-4F72-95F8-EA0230990F42}.Debug|x64.Build.0 = Debug|x64
		{232DB063-CB72-4F72-95F8-EA0230990F42}.Debug|x86.ActiveCfg = Debug|Win32
		{232DB063-CB72-4F72-95F8-EA0230990F42}.Debug|x86.Build.0 = Debug|Win32
		{232DB063-CB72-4F72-95F8-EA0230990F42}.Release|x64.ActiveCfg = Release|x64
		{232DB063-CB72-4F72-95F8-EA0230990F42}.Release|x64.Build.0 = Release|x64
		{232DB063-CB72-4F72-95F8-EA0230990F42}.Release|x86.ActiveCfg = Release|Win32
		{232DB063-CB72-4F72-95F8-EA0230990F42}.Release|x86.Build.0 = Release|Win32
		{8DB9C1E1-05B8-4EFD-B971-D40C66E53877}.Debug|x64.ActiveCfg = Debug|x64
		{8DB9C1E1-05B8-4EFD-B971-D40C66E53877}.Debug|x64.Build.0 = Debug|x64
		{8DB9C1E1-05B8-4EFD-B971-D40C66E53877}.Debug|x86.ActiveCfg = Debug|Win32
		{8DB9C1E1-05B8-4EFD-B971-D40C66E53877}.Debug|x86.Build.0 = Debug|Win32
		{8DB9C1E1-05B8-4EFD-B971-D40C66E53877}.Release|x64.ActiveCfg = Release|x64
		{8DB9C1E1-05B8-4EFD-B971-D40C66E53877}.Release|x64.Build.0 = Release|x64
		{8DB9C1E1-05B8-4EFD-B971-D40C66E53877}.Release|x86.ActiveCfg = Release|Win32
		{8DB9C1E1-05B8-4EFD-B971-D40C66E53877}.Release|x86.Build.0 = Release|Win32
		{7D895F62-E4B4-4AE6-A4D6-EACE97F66734}.Debug|x64.ActiveCfg = Debug|x64
		{7D895F62-E4B4-4AE6-A4D6-EACE97F66734}.Debug|x64.Build.0 = Debug|x64
		{7D895F62-E4B4-4AE6-A4D6-EACE97F66734}.Debug|x86.ActiveCfg = Debug|Win32
		{7D895F62-E4B4-4AE6-A4D6-EACE97F66734}.Debug|x86.Build.0 = Debug|Win32
		{7D895F62-E4B4-4AE6-A4D6-EACE97F66734}.Release|x64.ActiveCfg = Release|x64
		{7D895F62-E4B4-4AE6-A4D6-EACE97F66734}.Release|x64.Build.0 = Release|x64
		{7D895F62-E4B4-4AE6-A4D6-EACE97F66734}.Release|x86.ActiveCfg = Release|Win32
		{7D895F62-E4B4-4AE6-A4D6-EACE97F66734}.Release|x86.Build.0 = Release|Win32
		{FB06D3C2-0ACA-4A22-8E05-B70BF133D503}.Debug|x64.ActiveCfg = Debug|x64
		{FB06D3C2-0ACA-4A22-8E05-B70BF133D503}.Debug|x64.Build.0 = Debug|x64
		{FB06D3C2-0ACA-4A22-8E05-B70BF133D503}.Debug|x86.ActiveCfg = Debug|Win32
		{FB06D3C2-0ACA-4A22-8E05-B70BF133D503}.Debug|x86.Build.0 = Debug|Win32
		{FB06D3C2-0ACA-4A22-8E05-B70BF133D503}.Release|x64.ActiveCfg = Release|x64
		{FB06D3C2-0ACA-4A22-8E05-B70BF133D503}.Release|x64.Build.0 = Release|x64
		{FB06D3C2-0ACA-4A22-8E05-B70BF133D503}.Release|x86.ActiveCfg = Release|Win32
		{FB06D3C2-0ACA-4A22-8E05-B70BF133D503}.Release|x86.Build.0 = Release|Win32
		{103F3108-3443-4367-95BB-7B11B49497AC}.Debug|x64.ActiveCfg = Debug|x64
		{103F3108-3443-4367-95BB-7B11B49497AC}.Debug|x64.Build.0 = Debug|x64
		{103F3108-3443-4367-95BB-7B11B49497AC}.Debug|x86.ActiveCfg = Debug|Win32
		{103F3108-3443-4367-95BB-7B11B49497AC}.Debug|x86.Build.0 = Debug|Win32
		{103F3108-3443-4367-95BB-7B11B49497AC}.Release|x64.ActiveCfg = Release|x64
		{103F3108-3443-4367-95BB-7B11B49497AC}.Release|x64.Build.0 = Release|x64
		{103F3108-3443-4367-95BB-7B11B49497AC}.Release|x86.ActiveCfg = Release|Win32
		{103F3108-3443-4367-95BB-7B11B49497AC}.Release|x86.Build.0 = Release|Win32
		{516192EB-788A-4FE7-B2B7-2EF9AC036B12}.Debug|x64.ActiveCfg = Debug|x64
		{516192EB-788A-4FE7-B2B7-2EF9AC036B12}.Debug|x64.Build.0 = Debug|x64
		{516192EB-788A-4FE7-B2B7-2EF9AC036B12}.Debug|x86.ActiveCfg = Debug|Win32
		{516192EB-788A-4FE7-B2B7-2EF9AC036B12}.Debug|x86.Build.0 = Debug|Win32
		{516192EB-788A-4FE7-B2B7-2EF9AC036B12}.Release|x64.ActiveCfg = Release|x64
		{516192EB-788A-4FE7-B2B7-2EF9AC036B12}.Release|x64.Build.0 = Release|x64
		{516192EB-788A-4FE7-B2B7-2EF9AC036B12}.Release|x86.ActiveCfg = Release|Win32
		{516192EB-788A-4FE7-B2B7-2EF9AC036B12}.Release|x86.Build.0 = Release|Win32
		{899ACD7F-2C52-4B57-A62D-F506C597A094}.Debug|x64.ActiveCfg = Debug|x64
		{899ACD7F-2C52-4B57-A62D-F506C597A094}.Debug|x64.Build.0 = Debug|x64
		{899ACD7F-2C52-4B57-A62D-F506C597A094}.Debug|x86.ActiveCfg = Debug|Win32
		{899ACD7F-2C52-4B57-A62D-F506C597A094}.Debug|x86.Build.0 = Debug|Win32
		{899ACD7F-2C52-4B57-A62D-F506C597A094}.Release|x64.ActiveCfg = Release|x64
		{899ACD7F-2C52-4B57-A62D-F506C597A094}.Release|x64.Build.0 = Release|x64
		{899ACD7F-2C52-4B57-A62D-F506C597A094}.Release|x86.ActiveCfg = Release|Win32
		{899ACD7F-2C52-4B57-A62D-F506C597A094}.Release|x86.Build.0 = Release|Win32
		{1A695FC3-A687-4730-BEE2-73EB5637D44F}.Debug|x64.ActiveCfg = Debug|x64
		{1A695FC3-A687-4730-BEE2-73EB5637D44F}.Debug|x64.Build.0 = Debug|x64
		{1A695FC3-A687-4730-BEE2-73EB5637D44F}.Debug|x86.ActiveCfg = Debug|Win32
		{1A695FC3-A687-4730-BEE2-73EB5637D44F}.Debug|x86.Build.0 = Debug|Win32
		{1A695FC3-A687-4730-BEE2-73EB5637D44F}.Release|x64.ActiveCfg = Release|x64
		{1A695FC3-A687-4730-BEE2-73EB5637D44F}.Release|x64.Build.0 = Release|x64
		{1A695FC3-A687-4730-BEE2-73EB5637D44F}.Release|x86.ActiveCfg = Release|Win32
		{1A695FC3-A687-4730-BEE2-73EB5637D44F}.Release|x86.Build.0 = Release|Win32
		{4F150A30-CECB-49D1-8283-6A3F57438CF5}.Debug|x64.ActiveCfg = Debug|x64
		{4F150A30-CECB-49D1-8283-6A3F57438CF5}.Debug|x64.Build.0 = Debug|x64
		{4F150A30-CECB-49D1-8283-6A3F57438CF5}.Debug|x86.ActiveCfg = Debug|Win32
		{4F150A30-CECB-49D1-8283-6A3F57438CF5}.Debug|x86.Build.0 = Debug|Win32
		{4F150A30-CECB-49D1-8283-6A3F57438CF5}.Release|x64.ActiveCfg = Release|x64
		{4F150A30-CECB-49D1-8283-6A3F57438CF5}.Release|x64.Build.0 = Release|x64
		{4F150A30-CECB-49D1-8283-6A3F57438CF5}.Release|x86.ActiveCfg = Release|Win32
		{4F150A30-CECB-49D1-8283-6A3F57438CF5}.Release|x86.Build.0 = Release|Win32
		{CE42F6A5-F9A1-449E-A65E-0BFD2A509160}.Debug|x64.ActiveCfg = Debug|x64
		{CE42F6A5-F9A1-449E-A65E-0BFD2A509160}.Debug|x64.Build.0 = Debug|x64
		{CE42F6A5-F9A1-449E-A65E-0BFD2A509160}.Debug|x86.ActiveCfg = Debug|Win32
		{CE42F6A5-F9A1-449E-A65E-0BFD2A509160}.Debug|x86.Build.0 = Debug|Win32
		{CE42F6A5-F9A1-449E-A65E-0BFD2A509160}.Release|x64.ActiveCfg = Release|x64
		{CE42F6A5-F9A1-449E-A65E-0BFD2A509160}.Release|x64.Build.0 = Release|x64
		{CE42F6A5-F9A1-449E-A65E-0BFD2A509160}.Release|x86.ActiveCfg = Release|Win32
		{CE42F6A5-F9A1-449E-A65E-0BFD2A509160}.Release|x86.Build.0 = Release|Win32
	EndGlobalSection
	GlobalSection(SolutionProperties) = preSolution
		HideSolutionNode = FALSE
	EndGlobalSection
	GlobalSection(NestedProjects) = preSolution
		{02BFEA78-10FA-4EC2-A0F1-EA72F3EE0ED2} = {E03A026F-9A02-426F-A509-AC7739FBA0BB}
		{C653AAB0-57DF-4E8B-A6BF-5D34EE4F0B86} = {D1A585D4-C5A9-450F-9FF7-23C490A1F2ED}
		{F3B005C0-0D5C-4AC7-80F1-5631830A8FC2} = {188D6DB9-6897-4ABE-B6D0-1E825B15BDF8}
		{CD29BC72-B683-480E-BA3C-CDA18612D185} = {3E09D8F4-7E42-484B-958A-B151B0520CA1}
		{4F2373C9-7E2D-4FC2-8479-ADCB7F797B77} = {D1A585D4-C5A9-450F-9FF7-23C490A1F2ED}
		{47E30421-6F12-447A-A6E9-BA27CB2E727C} = {D1A585D4-C5A9-450F-9FF7-23C490A1F2ED}
		{E0B52AE7-E160-4D32-BF3F-910B785E5A8E} = {26A004DD-B802-4109-9F0B-D669000875BF}
		{1C5C58D1-B9D2-4A3B-AE47-4976B419ED9E} = {3E09D8F4-7E42-484B-958A-B151B0520CA1}
		{3629F01A-6FED-42EB-B308-E9F7F1346EAF} = {D1A585D4-C5A9-450F-9FF7-23C490A1F2ED}
		{BF391355-1D68-4A0E-ADD2-B0AE1248D524} = {A76A9AC1-EE6E-402E-8558-7B2898B3F630}
		{C7ADB426-AE79-4F6A-B3F9-BB89AC07104D} = {3E09D8F4-7E42-484B-958A-B151B0520CA1}
		{2059A525-2865-4D7B-8EDF-18CD390248D6} = {3E09D8F4-7E42-484B-958A-B151B0520CA1}
		{7ECE50A5-EA9E-4B79-B69B-CC9CDDE2F366} = {3E09D8F4-7E42-484B-958A-B151B0520CA1}
		{52D656A2-A2F4-4C54-A3C7-653427BED1E8} = {26A004DD-B802-4109-9F0B-D669000875BF}
		{90F98D18-1999-42D9-9D47-6C9BA16016B5} = {3E09D8F4-7E42-484B-958A-B151B0520CA1}
		{6C644E70-ECFA-4772-9B44-57A78284043D} = {3E09D8F4-7E42-484B-958A-B151B0520CA1}
		{932946BD-586E-445E-93CC-0C57E932A6D9} = {8C559641-91D4-46BA-9F8E-9C2DE8A6B3EA}
		{9BC0CD93-A408-47EF-AD1A-0DE9E43268A7} = {8C559641-91D4-46BA-9F8E-9C2DE8A6B3EA}
		{B3E29475-6A92-43DF-BACF-7A8D66AFCD9C} = {8C720D49-0368-49BF-B1E5-1ADF82456887}
		{C9044770-29F8-4176-B1A6-5689DE2F89B5} = {8C559641-91D4-46BA-9F8E-9C2DE8A6B3EA}
		{67CF910A-F6D9-433B-8465-3C92F7E248A6} = {8C559641-91D4-46BA-9F8E-9C2DE8A6B3EA}
		{CF4BD4AA-C6A0-4FDB-A924-797721339F0D} = {8C559641-91D4-46BA-9F8E-9C2DE8A6B3EA}
		{13CBBB6A-A408-4A7F-B972-B6C68C6AF6C3} = {8C559641-91D4-46BA-9F8E-9C2DE8A6B3EA}
		{15EDC116-D1B3-4AE3-AE1F-226174E7D797} = {8C559641-91D4-46BA-9F8E-9C2DE8A6B3EA}
		{232DB063-CB72-4F72-95F8-EA0230990F42} = {8C559641-91D4-46BA-9F8E-9C2DE8A6B3EA}
		{8DB9C1E1-05B8-4EFD-B971-D40C66E53877} = {DCE825F9-B72B-4B68-B016-7CFFB77CC5C8}
		{7D895F62-E4B4-4AE6-A4D6-EACE97F66734} = {DCE825F9-B72B-4B68-B016-7CFFB77CC5C8}
		{FB06D3C2-0ACA-4A22-8E05-B70BF133D503} = {DCE825F9-B72B-4B68-B016-7CFFB77CC5C8}
		{103F3108-3443-4367-95BB-7B11B49497AC} = {DCE825F9-B72B-4B68-B016-7CFFB77CC5C8}
		{516192EB-788A-4FE7-B2B7-2EF9AC036B12} = {26A004DD-B802-4109-9F0B-D669000875BF}
		{899ACD7F-2C52-4B57-A62D-F506C597A094} = {D1A585D4-C5A9-450F-9FF7-23C490A1F2ED}
		{1A695FC3-A687-4730-BEE2-73EB5637D44F} = {DCE825F9-B72B-4B68-B016-7CFFB77CC5C8}
		{4F150A30-CECB-49D1-8283-6A3F57438CF5} = {26A004DD-B802-4109-9F0B-D669000875BF}
		{CE42F6A5-F9A1-449E-A65E-0BFD2A509160} = {D1A585D4-C5A9-450F-9FF7-23C490A1F2ED}
	EndGlobalSection
	GlobalSection(ExtensibilityGlobals) = postSolution
		SolutionGuid = {033DDF7C-49D3-4D78-851F-7A065F9F78EE}
	EndGlobalSection
EndGlobal
